
Microsoft Visual Studio Solution File, Format Version 12.00
# Visual Studio Version 17
VisualStudioVersion = 17.6.33801.468
MinimumVisualStudioVersion = 10.0.40219.1
Project("{FAE04EC0-301F-11D3-BF4B-00C04F79EFBC}") = "WpfApp14", "WpfApp14\WpfApp14.csproj", "{903311D0-B3B6-43C9-BEC5-902F5F3C1E09}"
EndProject
Global
	GlobalSection(SolutionConfigurationPlatforms) = preSolution
		Debug|Any CPU = Debug|Any CPU
		Release|Any CPU = Release|Any CPU
	EndGlobalSection
	GlobalSection(ProjectConfigurationPlatforms) = postSolution
		{903311D0-B3B6-43C9-BEC5-902F5F3C1E09}.Debug|Any CPU.ActiveCfg = Debug|Any CPU
		{903311D0-B3B6-43C9-BEC5-902F5F3C1E09}.Debug|Any CPU.Build.0 = Debug|Any CPU
		{903311D0-B3B6-43C9-BEC5-902F5F3C1E09}.Release|Any CPU.ActiveCfg = Release|Any CPU
		{903311D0-B3B6-43C9-BEC5-902F5F3C1E09}.Release|Any CPU.Build.0 = Release|Any CPU
	EndGlobalSection
	GlobalSection(SolutionProperties) = preSolution
		HideSolutionNode = FALSE
	EndGlobalSection
	GlobalSection(ExtensibilityGlobals) = postSolution
		SolutionGuid = {F8B00E11-0532-4F1F-8E89-005BC2FC2F6E}
	EndGlobalSection
EndGlobal
